
Microsoft Visual Studio Solution File, Format Version 12.00
# Visual Studio Version 17
VisualStudioVersion = 17.8.34330.188
MinimumVisualStudioVersion = 10.0.40219.1
Project("{9A19103F-16F7-4668-BE54-9A1E7A4F7556}") = "Ekzakt.EmailTemplateProvider.Core", "Ekzakt.EmailTemplateProvider.Core\Ekzakt.EmailTemplateProvider.Core.csproj", "{B7A061CD-7BE7-4BD1-99E7-1B0FA40AD6E5}"
EndProject
Project("{9A19103F-16F7-4668-BE54-9A1E7A4F7556}") = "Ekzakt.EmailTemplateProvider.Io", "Ekzakt.EmailTemplateProvider.Io\Ekzakt.EmailTemplateProvider.Io.csproj", "{50D658BF-50D8-4A28-B543-9FBF729ACF44}"
EndProject
Global
	GlobalSection(SolutionConfigurationPlatforms) = preSolution
		Debug|Any CPU = Debug|Any CPU
		Release|Any CPU = Release|Any CPU
	EndGlobalSection
	GlobalSection(ProjectConfigurationPlatforms) = postSolution
		{B7A061CD-7BE7-4BD1-99E7-1B0FA40AD6E5}.Debug|Any CPU.ActiveCfg = Debug|Any CPU
		{B7A061CD-7BE7-4BD1-99E7-1B0FA40AD6E5}.Debug|Any CPU.Build.0 = Debug|Any CPU
		{B7A061CD-7BE7-4BD1-99E7-1B0FA40AD6E5}.Release|Any CPU.ActiveCfg = Release|Any CPU
		{B7A061CD-7BE7-4BD1-99E7-1B0FA40AD6E5}.Release|Any CPU.Build.0 = Release|Any CPU
		{50D658BF-50D8-4A28-B543-9FBF729ACF44}.Debug|Any CPU.ActiveCfg = Debug|Any CPU
		{50D658BF-50D8-4A28-B543-9FBF729ACF44}.Debug|Any CPU.Build.0 = Debug|Any CPU
		{50D658BF-50D8-4A28-B543-9FBF729ACF44}.Release|Any CPU.ActiveCfg = Release|Any CPU
		{50D658BF-50D8-4A28-B543-9FBF729ACF44}.Release|Any CPU.Build.0 = Release|Any CPU
	EndGlobalSection
	GlobalSection(SolutionProperties) = preSolution
		HideSolutionNode = FALSE
	EndGlobalSection
	GlobalSection(ExtensibilityGlobals) = postSolution
		SolutionGuid = {99A5EDC3-0205-49A9-946E-B480F9FACABA}
	EndGlobalSection
EndGlobal
